
Microsoft Visual Studio Solution File, Format Version 12.00
# Visual Studio Version 17
VisualStudioVersion = 17.14.36518.9
MinimumVisualStudioVersion = 10.0.40219.1
Project("{FAE04EC0-301F-11D3-BF4B-00C04F79EFBC}") = "FamilyBudget.API", "FamilyBudget.API\FamilyBudget.API.csproj", "{A8D7032D-4FB8-4FFF-B957-D55A99BD0C10}"
EndProject
Project("{FAE04EC0-301F-11D3-BF4B-00C04F79EFBC}") = "FamilyBudget.Application", "FamilyBudget.Application\FamilyBudget.Application.csproj", "{D6751298-5B5C-41EE-8262-FF11C3BC88CC}"
EndProject
Project("{FAE04EC0-301F-11D3-BF4B-00C04F79EFBC}") = "FamilyBudget.Core", "FamilyBudget.Core\FamilyBudget.Core.csproj", "{80049F77-5136-43B1-AD35-DE7367E5099B}"
EndProject
Project("{FAE04EC0-301F-11D3-BF4B-00C04F79EFBC}") = "FamilyBudget.Infrastructure", "FamilyBudget.Infrastructure\FamilyBudget.Infrastructure.csproj", "{0FFB183E-D1F4-4AF7-8460-CE34F113811D}"
EndProject
Project("{2150E333-8FDC-42A3-9474-1A3956D46DE8}") = "Элементы решения", "Элементы решения", "{754FC069-D67B-A9D7-50A1-8D1CA196D8F1}"
	ProjectSection(SolutionItems) = preProject
		..\.env = ..\.env
		..\docker-compose.yml = ..\docker-compose.yml
	EndProjectSection
EndProject
Project("{FAE04EC0-301F-11D3-BF4B-00C04F79EFBC}") = "FamilyBudget.Persistence", "FamilyBudget.Persistence\FamilyBudget.Persistence.csproj", "{AAADCC1E-8C46-4309-9470-1BDAFEF8AD7A}"
EndProject
Project("{FAE04EC0-301F-11D3-BF4B-00C04F79EFBC}") = "FamilyBudget.Presentation.Telegram", "FamilyBudget.Presentation.Telegram\FamilyBudget.Presentation.Telegram.csproj", "{E9B9CCF9-045B-468B-A680-77071A967C97}"
EndProject
Global
	GlobalSection(SolutionConfigurationPlatforms) = preSolution
		Debug|Any CPU = Debug|Any CPU
		Release|Any CPU = Release|Any CPU
	EndGlobalSection
	GlobalSection(ProjectConfigurationPlatforms) = postSolution
		{A8D7032D-4FB8-4FFF-B957-D55A99BD0C10}.Debug|Any CPU.ActiveCfg = Debug|Any CPU
		{A8D7032D-4FB8-4FFF-B957-D55A99BD0C10}.Debug|Any CPU.Build.0 = Debug|Any CPU
		{A8D7032D-4FB8-4FFF-B957-D55A99BD0C10}.Release|Any CPU.ActiveCfg = Release|Any CPU
		{A8D7032D-4FB8-4FFF-B957-D55A99BD0C10}.Release|Any CPU.Build.0 = Release|Any CPU
		{D6751298-5B5C-41EE-8262-FF11C3BC88CC}.Debug|Any CPU.ActiveCfg = Debug|Any CPU
		{D6751298-5B5C-41EE-8262-FF11C3BC88CC}.Debug|Any CPU.Build.0 = Debug|Any CPU
		{D6751298-5B5C-41EE-8262-FF11C3BC88CC}.Release|Any CPU.ActiveCfg = Release|Any CPU
		{D6751298-5B5C-41EE-8262-FF11C3BC88CC}.Release|Any CPU.Build.0 = Release|Any CPU
		{80049F77-5136-43B1-AD35-DE7367E5099B}.Debug|Any CPU.ActiveCfg = Debug|Any CPU
		{80049F77-5136-43B1-AD35-DE7367E5099B}.Debug|Any CPU.Build.0 = Debug|Any CPU
		{80049F77-5136-43B1-AD35-DE7367E5099B}.Release|Any CPU.ActiveCfg = Release|Any CPU
		{80049F77-5136-43B1-AD35-DE7367E5099B}.Release|Any CPU.Build.0 = Release|Any CPU
		{0FFB183E-D1F4-4AF7-8460-CE34F113811D}.Debug|Any CPU.ActiveCfg = Debug|Any CPU
		{0FFB183E-D1F4-4AF7-8460-CE34F113811D}.Debug|Any CPU.Build.0 = Debug|Any CPU
		{0FFB183E-D1F4-4AF7-8460-CE34F113811D}.Release|Any CPU.ActiveCfg = Release|Any CPU
		{0FFB183E-D1F4-4AF7-8460-CE34F113811D}.Release|Any CPU.Build.0 = Release|Any CPU
		{AAADCC1E-8C46-4309-9470-1BDAFEF8AD7A}.Debug|Any CPU.ActiveCfg = Debug|Any CPU
		{AAADCC1E-8C46-4309-9470-1BDAFEF8AD7A}.Debug|Any CPU.Build.0 = Debug|Any CPU
		{AAADCC1E-8C46-4309-9470-1BDAFEF8AD7A}.Release|Any CPU.ActiveCfg = Release|Any CPU
		{AAADCC1E-8C46-4309-9470-1BDAFEF8AD7A}.Release|Any CPU.Build.0 = Release|Any CPU
		{E9B9CCF9-045B-468B-A680-77071A967C97}.Debug|Any CPU.ActiveCfg = Debug|Any CPU
		{E9B9CCF9-045B-468B-A680-77071A967C97}.Debug|Any CPU.Build.0 = Debug|Any CPU
		{E9B9CCF9-045B-468B-A680-77071A967C97}.Release|Any CPU.ActiveCfg = Release|Any CPU
		{E9B9CCF9-045B-468B-A680-77071A967C97}.Release|Any CPU.Build.0 = Release|Any CPU
	EndGlobalSection
	GlobalSection(SolutionProperties) = preSolution
		HideSolutionNode = FALSE
	EndGlobalSection
	GlobalSection(ExtensibilityGlobals) = postSolution
		SolutionGuid = {F1077B9B-DCB5-40C5-AA96-081A4A9E303D}
	EndGlobalSection
EndGlobal
